
Microsoft Visual Studio Solution File, Format Version 12.00
# Visual Studio Version 17
VisualStudioVersion = 17.2.32630.192
MinimumVisualStudioVersion = 10.0.40219.1
Project("{9A19103F-16F7-4668-BE54-9A1E7A4F7556}") = "EmployeeManagement.Models", "EmployeeManagement.Models\EmployeeManagement.Models.csproj", "{F5CAC64B-E832-4A4B-B7F4-B6534182E53C}"
EndProject
Project("{9A19103F-16F7-4668-BE54-9A1E7A4F7556}") = "EmployeeManagement.Web", "EmployeeManagement.Web\EmployeeManagement.Web.csproj", "{40001EC6-EB5B-4BC1-8B97-D067A5CBBCA5}"
EndProject
Project("{9A19103F-16F7-4668-BE54-9A1E7A4F7556}") = "EmployeeManagement.Api", "EmployeeManagement.Api\EmployeeManagement.Api.csproj", "{FB7438FF-E657-4BBA-AB23-7CF26AB60D33}"
EndProject
Project("{9A19103F-16F7-4668-BE54-9A1E7A4F7556}") = "PragimTech.Components", "..\..\..\Sample Project\Blazor\BlazorTutorial-master\PragimTech.Components\PragimTech.Components.csproj", "{681EF62F-32D5-421B-AB01-1D3D9B384B6F}"
EndProject
Global
	GlobalSection(SolutionConfigurationPlatforms) = preSolution
		Debug|Any CPU = Debug|Any CPU
		Release|Any CPU = Release|Any CPU
	EndGlobalSection
	GlobalSection(ProjectConfigurationPlatforms) = postSolution
		{F5CAC64B-E832-4A4B-B7F4-B6534182E53C}.Debug|Any CPU.ActiveCfg = Debug|Any CPU
		{F5CAC64B-E832-4A4B-B7F4-B6534182E53C}.Debug|Any CPU.Build.0 = Debug|Any CPU
		{F5CAC64B-E832-4A4B-B7F4-B6534182E53C}.Release|Any CPU.ActiveCfg = Release|Any CPU
		{F5CAC64B-E832-4A4B-B7F4-B6534182E53C}.Release|Any CPU.Build.0 = Release|Any CPU
		{40001EC6-EB5B-4BC1-8B97-D067A5CBBCA5}.Debug|Any CPU.ActiveCfg = Debug|Any CPU
		{40001EC6-EB5B-4BC1-8B97-D067A5CBBCA5}.Debug|Any CPU.Build.0 = Debug|Any CPU
		{40001EC6-EB5B-4BC1-8B97-D067A5CBBCA5}.Release|Any CPU.ActiveCfg = Release|Any CPU
		{40001EC6-EB5B-4BC1-8B97-D067A5CBBCA5}.Release|Any CPU.Build.0 = Release|Any CPU
		{FB7438FF-E657-4BBA-AB23-7CF26AB60D33}.Debug|Any CPU.ActiveCfg = Debug|Any CPU
		{FB7438FF-E657-4BBA-AB23-7CF26AB60D33}.Debug|Any CPU.Build.0 = Debug|Any CPU
		{FB7438FF-E657-4BBA-AB23-7CF26AB60D33}.Release|Any CPU.ActiveCfg = Release|Any CPU
		{FB7438FF-E657-4BBA-AB23-7CF26AB60D33}.Release|Any CPU.Build.0 = Release|Any CPU
		{681EF62F-32D5-421B-AB01-1D3D9B384B6F}.Debug|Any CPU.ActiveCfg = Debug|Any CPU
		{681EF62F-32D5-421B-AB01-1D3D9B384B6F}.Debug|Any CPU.Build.0 = Debug|Any CPU
		{681EF62F-32D5-421B-AB01-1D3D9B384B6F}.Release|Any CPU.ActiveCfg = Release|Any CPU
		{681EF62F-32D5-421B-AB01-1D3D9B384B6F}.Release|Any CPU.Build.0 = Release|Any CPU
	EndGlobalSection
	GlobalSection(SolutionProperties) = preSolution
		HideSolutionNode = FALSE
	EndGlobalSection
	GlobalSection(ExtensibilityGlobals) = postSolution
		SolutionGuid = {9ABCDC05-ED29-415B-A707-780883323E29}
	EndGlobalSection
EndGlobal
